
Microsoft Visual Studio Solution File, Format Version 12.00
# Visual Studio Version 17
VisualStudioVersion = 17.0.31903.59
MinimumVisualStudioVersion = 10.0.40219.1
Project("{2150E333-8FDC-42A3-9474-1A3956D46DE8}") = "src", "src", "{4BDFBF47-FEF0-410B-8EE1-7EFBECBFE1CC}"
EndProject
Project("{F2A71F9B-5D33-465A-A702-920D77279786}") = "Telplin", "src\Telplin\Telplin.fsproj", "{75D37A7D-6A48-4609-A76E-D2DC02949458}"
EndProject
Project("{F2A71F9B-5D33-465A-A702-920D77279786}") = "Telplin.Common", "src\Telplin.Common\Telplin.Common.fsproj", "{736A2DDF-4C96-4DB3-9C41-873EA0E571CF}"
EndProject
Project("{F2A71F9B-5D33-465A-A702-920D77279786}") = "Telplin.UntypedTree", "src\Telplin.UntypedTree\Telplin.UntypedTree.fsproj", "{51E8974E-FF51-41EC-AAE3-A424050F4352}"
EndProject
Project("{F2A71F9B-5D33-465A-A702-920D77279786}") = "Telplin.TypedTree", "src\Telplin.TypedTree\Telplin.TypedTree.fsproj", "{EAAF3194-016E-426E-BAC9-B4183EDF73FB}"
EndProject
Project("{2150E333-8FDC-42A3-9474-1A3956D46DE8}") = "tests", "tests", "{A61797DC-E0F3-405E-A59F-DEF21E6B7347}"
EndProject
Project("{F2A71F9B-5D33-465A-A702-920D77279786}") = "Telplin.Core.Tests", "tests\Telplin.Core.Tests\Telplin.Core.Tests.fsproj", "{0930660F-0640-4EAD-BCF0-4571584EF93A}"
EndProject
Project("{F2A71F9B-5D33-465A-A702-920D77279786}") = "Telplin.Core", "src\Telplin.Core\Telplin.Core.fsproj", "{9390AEA2-45AC-46C4-9FE7-E1145885AA3C}"
EndProject
Project("{F2A71F9B-5D33-465A-A702-920D77279786}") = "Telplin.Deploy", "src\Telplin.Deploy\Telplin.Deploy.fsproj", "{84ED6257-07DF-41E8-A516-FDE34B8911D5}"
EndProject
Project("{2150E333-8FDC-42A3-9474-1A3956D46DE8}") = "tool", "tool", "{F141C5EB-3987-41BB-A36D-A27B932B857A}"
EndProject
Project("{F2A71F9B-5D33-465A-A702-920D77279786}") = "OnlineTool", "tool\client\OnlineTool.fsproj", "{BF81E1AF-F2D4-4B91-BE7D-13BB45A0D3EA}"
EndProject
Project("{F2A71F9B-5D33-465A-A702-920D77279786}") = "Telplin.Lambda", "tool\server\Telplin.Lambda.fsproj", "{537B0A88-E0A1-45E4-95BC-114B894CC5A5}"
EndProject
Global
	GlobalSection(SolutionConfigurationPlatforms) = preSolution
		Debug|Any CPU = Debug|Any CPU
		Release|Any CPU = Release|Any CPU
	EndGlobalSection
	GlobalSection(SolutionProperties) = preSolution
		HideSolutionNode = FALSE
	EndGlobalSection
	GlobalSection(ProjectConfigurationPlatforms) = postSolution
		{75D37A7D-6A48-4609-A76E-D2DC02949458}.Debug|Any CPU.ActiveCfg = Debug|Any CPU
		{75D37A7D-6A48-4609-A76E-D2DC02949458}.Debug|Any CPU.Build.0 = Debug|Any CPU
		{75D37A7D-6A48-4609-A76E-D2DC02949458}.Release|Any CPU.ActiveCfg = Release|Any CPU
		{75D37A7D-6A48-4609-A76E-D2DC02949458}.Release|Any CPU.Build.0 = Release|Any CPU
		{736A2DDF-4C96-4DB3-9C41-873EA0E571CF}.Debug|Any CPU.ActiveCfg = Debug|Any CPU
		{736A2DDF-4C96-4DB3-9C41-873EA0E571CF}.Debug|Any CPU.Build.0 = Debug|Any CPU
		{736A2DDF-4C96-4DB3-9C41-873EA0E571CF}.Release|Any CPU.ActiveCfg = Release|Any CPU
		{736A2DDF-4C96-4DB3-9C41-873EA0E571CF}.Release|Any CPU.Build.0 = Release|Any CPU
		{51E8974E-FF51-41EC-AAE3-A424050F4352}.Debug|Any CPU.ActiveCfg = Debug|Any CPU
		{51E8974E-FF51-41EC-AAE3-A424050F4352}.Debug|Any CPU.Build.0 = Debug|Any CPU
		{51E8974E-FF51-41EC-AAE3-A424050F4352}.Release|Any CPU.ActiveCfg = Release|Any CPU
		{51E8974E-FF51-41EC-AAE3-A424050F4352}.Release|Any CPU.Build.0 = Release|Any CPU
		{EAAF3194-016E-426E-BAC9-B4183EDF73FB}.Debug|Any CPU.ActiveCfg = Debug|Any CPU
		{EAAF3194-016E-426E-BAC9-B4183EDF73FB}.Debug|Any CPU.Build.0 = Debug|Any CPU
		{EAAF3194-016E-426E-BAC9-B4183EDF73FB}.Release|Any CPU.ActiveCfg = Release|Any CPU
		{EAAF3194-016E-426E-BAC9-B4183EDF73FB}.Release|Any CPU.Build.0 = Release|Any CPU
		{0930660F-0640-4EAD-BCF0-4571584EF93A}.Debug|Any CPU.ActiveCfg = Debug|Any CPU
		{0930660F-0640-4EAD-BCF0-4571584EF93A}.Debug|Any CPU.Build.0 = Debug|Any CPU
		{0930660F-0640-4EAD-BCF0-4571584EF93A}.Release|Any CPU.ActiveCfg = Release|Any CPU
		{0930660F-0640-4EAD-BCF0-4571584EF93A}.Release|Any CPU.Build.0 = Release|Any CPU
		{9390AEA2-45AC-46C4-9FE7-E1145885AA3C}.Debug|Any CPU.ActiveCfg = Debug|Any CPU
		{9390AEA2-45AC-46C4-9FE7-E1145885AA3C}.Debug|Any CPU.Build.0 = Debug|Any CPU
		{9390AEA2-45AC-46C4-9FE7-E1145885AA3C}.Release|Any CPU.ActiveCfg = Release|Any CPU
		{9390AEA2-45AC-46C4-9FE7-E1145885AA3C}.Release|Any CPU.Build.0 = Release|Any CPU
		{84ED6257-07DF-41E8-A516-FDE34B8911D5}.Debug|Any CPU.ActiveCfg = Debug|Any CPU
		{84ED6257-07DF-41E8-A516-FDE34B8911D5}.Debug|Any CPU.Build.0 = Debug|Any CPU
		{84ED6257-07DF-41E8-A516-FDE34B8911D5}.Release|Any CPU.ActiveCfg = Release|Any CPU
		{84ED6257-07DF-41E8-A516-FDE34B8911D5}.Release|Any CPU.Build.0 = Release|Any CPU
		{BF81E1AF-F2D4-4B91-BE7D-13BB45A0D3EA}.Debug|Any CPU.ActiveCfg = Debug|Any CPU
		{BF81E1AF-F2D4-4B91-BE7D-13BB45A0D3EA}.Debug|Any CPU.Build.0 = Debug|Any CPU
		{BF81E1AF-F2D4-4B91-BE7D-13BB45A0D3EA}.Release|Any CPU.ActiveCfg = Release|Any CPU
		{BF81E1AF-F2D4-4B91-BE7D-13BB45A0D3EA}.Release|Any CPU.Build.0 = Release|Any CPU
		{537B0A88-E0A1-45E4-95BC-114B894CC5A5}.Debug|Any CPU.ActiveCfg = Debug|Any CPU
		{537B0A88-E0A1-45E4-95BC-114B894CC5A5}.Debug|Any CPU.Build.0 = Debug|Any CPU
		{537B0A88-E0A1-45E4-95BC-114B894CC5A5}.Release|Any CPU.ActiveCfg = Release|Any CPU
		{537B0A88-E0A1-45E4-95BC-114B894CC5A5}.Release|Any CPU.Build.0 = Release|Any CPU
	EndGlobalSection
	GlobalSection(NestedProjects) = preSolution
		{75D37A7D-6A48-4609-A76E-D2DC02949458} = {4BDFBF47-FEF0-410B-8EE1-7EFBECBFE1CC}
		{736A2DDF-4C96-4DB3-9C41-873EA0E571CF} = {4BDFBF47-FEF0-410B-8EE1-7EFBECBFE1CC}
		{51E8974E-FF51-41EC-AAE3-A424050F4352} = {4BDFBF47-FEF0-410B-8EE1-7EFBECBFE1CC}
		{EAAF3194-016E-426E-BAC9-B4183EDF73FB} = {4BDFBF47-FEF0-410B-8EE1-7EFBECBFE1CC}
		{0930660F-0640-4EAD-BCF0-4571584EF93A} = {A61797DC-E0F3-405E-A59F-DEF21E6B7347}
		{9390AEA2-45AC-46C4-9FE7-E1145885AA3C} = {4BDFBF47-FEF0-410B-8EE1-7EFBECBFE1CC}
		{84ED6257-07DF-41E8-A516-FDE34B8911D5} = {4BDFBF47-FEF0-410B-8EE1-7EFBECBFE1CC}
		{BF81E1AF-F2D4-4B91-BE7D-13BB45A0D3EA} = {F141C5EB-3987-41BB-A36D-A27B932B857A}
		{537B0A88-E0A1-45E4-95BC-114B894CC5A5} = {F141C5EB-3987-41BB-A36D-A27B932B857A}
	EndGlobalSection
EndGlobal
